
Microsoft Visual Studio Solution File, Format Version 12.00
# Visual Studio 15
VisualStudioVersion = 15.0.26124.0
MinimumVisualStudioVersion = 15.0.26124.0
Project("{FAE04EC0-301F-11D3-BF4B-00C04F79EFBC}") = "Hydra.IdentityServer", "Hydra.IdentityServer.csproj", "{7F7A0E3D-2BB5-4465-948F-BA3E6385F6B4}"
EndProject
Project("{2150E333-8FDC-42A3-9474-1A3956D46DE8}") = "Building Blocks", "Building Blocks", "{85AADBF0-1556-11EB-8B0D-5FA2BDD3E298}"
EndProject
Project("{2150E333-8FDC-42A3-9474-1A3956D46DE8}") = "Integration", "Integration", "{94779DD0-1556-11EB-8B0D-5FA2BDD3E298}"
EndProject
Project("{FAE04EC0-301F-11D3-BF4B-00C04F79EFBC}") = "Hydra.Core.Integration", "..\hydra-core\dotnet3.1\Hydra.Core.Integration\Hydra.Core.Integration.csproj", "{FE41E0AC-9575-4C42-87E4-59F6555B2A0A}"
EndProject
Project("{FAE04EC0-301F-11D3-BF4B-00C04F79EFBC}") = "Hydra.Core.MessageBus", "..\hydra-core\dotnet3.1\Hydra.Core.MessageBus\Hydra.Core.MessageBus.csproj", "{2689303E-7352-46F3-8135-72E3D1215389}"
EndProject
Project("{FAE04EC0-301F-11D3-BF4B-00C04F79EFBC}") = "Hydra.WebAPI.Core", "..\hydra-core\dotnet3.1\Hydra.WebAPI.Core\Hydra.WebAPI.Core.csproj", "{17A3ACE5-159B-435D-B48D-5A8C18DC6D10}"
EndProject
Global
	GlobalSection(SolutionConfigurationPlatforms) = preSolution
		Debug|Any CPU = Debug|Any CPU
		Debug|x64 = Debug|x64
		Debug|x86 = Debug|x86
		Release|Any CPU = Release|Any CPU
		Release|x64 = Release|x64
		Release|x86 = Release|x86
	EndGlobalSection
	GlobalSection(SolutionProperties) = preSolution
		HideSolutionNode = FALSE
	EndGlobalSection
	GlobalSection(ProjectConfigurationPlatforms) = postSolution
		{7F7A0E3D-2BB5-4465-948F-BA3E6385F6B4}.Debug|Any CPU.ActiveCfg = Debug|Any CPU
		{7F7A0E3D-2BB5-4465-948F-BA3E6385F6B4}.Debug|Any CPU.Build.0 = Debug|Any CPU
		{7F7A0E3D-2BB5-4465-948F-BA3E6385F6B4}.Debug|x64.ActiveCfg = Debug|Any CPU
		{7F7A0E3D-2BB5-4465-948F-BA3E6385F6B4}.Debug|x64.Build.0 = Debug|Any CPU
		{7F7A0E3D-2BB5-4465-948F-BA3E6385F6B4}.Debug|x86.ActiveCfg = Debug|Any CPU
		{7F7A0E3D-2BB5-4465-948F-BA3E6385F6B4}.Debug|x86.Build.0 = Debug|Any CPU
		{7F7A0E3D-2BB5-4465-948F-BA3E6385F6B4}.Release|Any CPU.ActiveCfg = Release|Any CPU
		{7F7A0E3D-2BB5-4465-948F-BA3E6385F6B4}.Release|Any CPU.Build.0 = Release|Any CPU
		{7F7A0E3D-2BB5-4465-948F-BA3E6385F6B4}.Release|x64.ActiveCfg = Release|Any CPU
		{7F7A0E3D-2BB5-4465-948F-BA3E6385F6B4}.Release|x64.Build.0 = Release|Any CPU
		{7F7A0E3D-2BB5-4465-948F-BA3E6385F6B4}.Release|x86.ActiveCfg = Release|Any CPU
		{7F7A0E3D-2BB5-4465-948F-BA3E6385F6B4}.Release|x86.Build.0 = Release|Any CPU
		{FE41E0AC-9575-4C42-87E4-59F6555B2A0A}.Debug|Any CPU.ActiveCfg = Debug|Any CPU
		{FE41E0AC-9575-4C42-87E4-59F6555B2A0A}.Debug|Any CPU.Build.0 = Debug|Any CPU
		{FE41E0AC-9575-4C42-87E4-59F6555B2A0A}.Debug|x64.ActiveCfg = Debug|Any CPU
		{FE41E0AC-9575-4C42-87E4-59F6555B2A0A}.Debug|x64.Build.0 = Debug|Any CPU
		{FE41E0AC-9575-4C42-87E4-59F6555B2A0A}.Debug|x86.ActiveCfg = Debug|Any CPU
		{FE41E0AC-9575-4C42-87E4-59F6555B2A0A}.Debug|x86.Build.0 = Debug|Any CPU
		{FE41E0AC-9575-4C42-87E4-59F6555B2A0A}.Release|Any CPU.ActiveCfg = Release|Any CPU
		{FE41E0AC-9575-4C42-87E4-59F6555B2A0A}.Release|Any CPU.Build.0 = Release|Any CPU
		{FE41E0AC-9575-4C42-87E4-59F6555B2A0A}.Release|x64.ActiveCfg = Release|Any CPU
		{FE41E0AC-9575-4C42-87E4-59F6555B2A0A}.Release|x64.Build.0 = Release|Any CPU
		{FE41E0AC-9575-4C42-87E4-59F6555B2A0A}.Release|x86.ActiveCfg = Release|Any CPU
		{FE41E0AC-9575-4C42-87E4-59F6555B2A0A}.Release|x86.Build.0 = Release|Any CPU
		{2689303E-7352-46F3-8135-72E3D1215389}.Debug|Any CPU.ActiveCfg = Debug|Any CPU
		{2689303E-7352-46F3-8135-72E3D1215389}.Debug|Any CPU.Build.0 = Debug|Any CPU
		{2689303E-7352-46F3-8135-72E3D1215389}.Debug|x64.ActiveCfg = Debug|Any CPU
		{2689303E-7352-46F3-8135-72E3D1215389}.Debug|x64.Build.0 = Debug|Any CPU
		{2689303E-7352-46F3-8135-72E3D1215389}.Debug|x86.ActiveCfg = Debug|Any CPU
		{2689303E-7352-46F3-8135-72E3D1215389}.Debug|x86.Build.0 = Debug|Any CPU
		{2689303E-7352-46F3-8135-72E3D1215389}.Release|Any CPU.ActiveCfg = Release|Any CPU
		{2689303E-7352-46F3-8135-72E3D1215389}.Release|Any CPU.Build.0 = Release|Any CPU
		{2689303E-7352-46F3-8135-72E3D1215389}.Release|x64.ActiveCfg = Release|Any CPU
		{2689303E-7352-46F3-8135-72E3D1215389}.Release|x64.Build.0 = Release|Any CPU
		{2689303E-7352-46F3-8135-72E3D1215389}.Release|x86.ActiveCfg = Release|Any CPU
		{2689303E-7352-46F3-8135-72E3D1215389}.Release|x86.Build.0 = Release|Any CPU
		{17A3ACE5-159B-435D-B48D-5A8C18DC6D10}.Debug|Any CPU.ActiveCfg = Debug|Any CPU
		{17A3ACE5-159B-435D-B48D-5A8C18DC6D10}.Debug|Any CPU.Build.0 = Debug|Any CPU
		{17A3ACE5-159B-435D-B48D-5A8C18DC6D10}.Debug|x64.ActiveCfg = Debug|Any CPU
		{17A3ACE5-159B-435D-B48D-5A8C18DC6D10}.Debug|x64.Build.0 = Debug|Any CPU
		{17A3ACE5-159B-435D-B48D-5A8C18DC6D10}.Debug|x86.ActiveCfg = Debug|Any CPU
		{17A3ACE5-159B-435D-B48D-5A8C18DC6D10}.Debug|x86.Build.0 = Debug|Any CPU
		{17A3ACE5-159B-435D-B48D-5A8C18DC6D10}.Release|Any CPU.ActiveCfg = Release|Any CPU
		{17A3ACE5-159B-435D-B48D-5A8C18DC6D10}.Release|Any CPU.Build.0 = Release|Any CPU
		{17A3ACE5-159B-435D-B48D-5A8C18DC6D10}.Release|x64.ActiveCfg = Release|Any CPU
		{17A3ACE5-159B-435D-B48D-5A8C18DC6D10}.Release|x64.Build.0 = Release|Any CPU
		{17A3ACE5-159B-435D-B48D-5A8C18DC6D10}.Release|x86.ActiveCfg = Release|Any CPU
		{17A3ACE5-159B-435D-B48D-5A8C18DC6D10}.Release|x86.Build.0 = Release|Any CPU
	EndGlobalSection
	GlobalSection(NestedProjects) = preSolution
		{17A3ACE5-159B-435D-B48D-5A8C18DC6D10} = {85AADBF0-1556-11EB-8B0D-5FA2BDD3E298}
		{2689303E-7352-46F3-8135-72E3D1215389} = {94779DD0-1556-11EB-8B0D-5FA2BDD3E298}
		{FE41E0AC-9575-4C42-87E4-59F6555B2A0A} = {94779DD0-1556-11EB-8B0D-5FA2BDD3E298}
		{94779DD0-1556-11EB-8B0D-5FA2BDD3E298} = {85AADBF0-1556-11EB-8B0D-5FA2BDD3E298}
	EndGlobalSection
EndGlobal
